Microsoft Visual Studio Solution File, Format Version 12.00
# Visual Studio Version 17
VisualStudioVersion = 17.10.34916.146
MinimumVisualStudioVersion = 10.0.40219.1
Project("{9A19103F-16F7-4668-BE54-9A1E7A4F7556}") = "Scalection.AppHost", "Scalection.AppHost\Scalection.AppHost.csproj", "{A3198158-A57B-45C4-911A-03DA156E1521}"
EndProject
Project("{9A19103F-16F7-4668-BE54-9A1E7A4F7556}") = "Scalection.ServiceDefaults", "Scalection.ServiceDefaults\Scalection.ServiceDefaults.csproj", "{64C20B6B-9F1B-40D6-BA97-208CFC548E95}"
EndProject
Project("{9A19103F-16F7-4668-BE54-9A1E7A4F7556}") = "Scalection.ApiService", "Scalection.ApiService\Scalection.ApiService.csproj", "{4084C85C-4EFD-48DD-8B73-1598FD22B65D}"
EndProject
Project("{9A19103F-16F7-4668-BE54-9A1E7A4F7556}") = "Scalection.MigrationService", "Scalection.MigrationService\Scalection.MigrationService.csproj", "{8EAF1DC5-471C-4351-A28E-2001592CAD15}"
EndProject
Project("{9A19103F-16F7-4668-BE54-9A1E7A4F7556}") = "Scalection.Data.EF", "Scalection.Data.EF\Scalection.Data.EF.csproj", "{AC448A10-2F86-473F-B463-C62A801F9742}"
EndProject
Project("{9A19103F-16F7-4668-BE54-9A1E7A4F7556}") = "Scalection.ApiService.Caching", "Scalection.ApiService.Caching\Scalection.ApiService.Caching.csproj", "{410A4B0B-7DC2-4215-B813-90C2D9B1C86A}"
EndProject
Global
	GlobalSection(SolutionConfigurationPlatforms) = preSolution
		Debug|Any CPU = Debug|Any CPU
		Release|Any CPU = Release|Any CPU
	EndGlobalSection
	GlobalSection(ProjectConfigurationPlatforms) = postSolution
		{A3198158-A57B-45C4-911A-03DA156E1521}.Debug|Any CPU.ActiveCfg = Debug|Any CPU
		{A3198158-A57B-45C4-911A-03DA156E1521}.Debug|Any CPU.Build.0 = Debug|Any CPU
		{A3198158-A57B-45C4-911A-03DA156E1521}.Release|Any CPU.ActiveCfg = Release|Any CPU
		{A3198158-A57B-45C4-911A-03DA156E1521}.Release|Any CPU.Build.0 = Release|Any CPU
		{64C20B6B-9F1B-40D6-BA97-208CFC548E95}.Debug|Any CPU.ActiveCfg = Debug|Any CPU
		{64C20B6B-9F1B-40D6-BA97-208CFC548E95}.Debug|Any CPU.Build.0 = Debug|Any CPU
		{64C20B6B-9F1B-40D6-BA97-208CFC548E95}.Release|Any CPU.ActiveCfg = Release|Any CPU
		{64C20B6B-9F1B-40D6-BA97-208CFC548E95}.Release|Any CPU.Build.0 = Release|Any CPU
		{4084C85C-4EFD-48DD-8B73-1598FD22B65D}.Debug|Any CPU.ActiveCfg = Debug|Any CPU
		{4084C85C-4EFD-48DD-8B73-1598FD22B65D}.Debug|Any CPU.Build.0 = Debug|Any CPU
		{4084C85C-4EFD-48DD-8B73-1598FD22B65D}.Release|Any CPU.ActiveCfg = Release|Any CPU
		{4084C85C-4EFD-48DD-8B73-1598FD22B65D}.Release|Any CPU.Build.0 = Release|Any CPU
		{8EAF1DC5-471C-4351-A28E-2001592CAD15}.Debug|Any CPU.ActiveCfg = Debug|Any CPU
		{8EAF1DC5-471C-4351-A28E-2001592CAD15}.Debug|Any CPU.Build.0 = Debug|Any CPU
		{8EAF1DC5-471C-4351-A28E-2001592CAD15}.Release|Any CPU.ActiveCfg = Release|Any CPU
		{8EAF1DC5-471C-4351-A28E-2001592CAD15}.Release|Any CPU.Build.0 = Release|Any CPU
		{AC448A10-2F86-473F-B463-C62A801F9742}.Debug|Any CPU.ActiveCfg = Debug|Any CPU
		{AC448A10-2F86-473F-B463-C62A801F9742}.Debug|Any CPU.Build.0 = Debug|Any CPU
		{AC448A10-2F86-473F-B463-C62A801F9742}.Release|Any CPU.ActiveCfg = Release|Any CPU
		{AC448A10-2F86-473F-B463-C62A801F9742}.Release|Any CPU.Build.0 = Release|Any CPU
		{410A4B0B-7DC2-4215-B813-90C2D9B1C86A}.Debug|Any CPU.ActiveCfg = Debug|Any CPU
		{410A4B0B-7DC2-4215-B813-90C2D9B1C86A}.Debug|Any CPU.Build.0 = Debug|Any CPU
		{410A4B0B-7DC2-4215-B813-90C2D9B1C86A}.Release|Any CPU.ActiveCfg = Release|Any CPU
		{410A4B0B-7DC2-4215-B813-90C2D9B1C86A}.Release|Any CPU.Build.0 = Release|Any CPU
	EndGlobalSection
	GlobalSection(SolutionProperties) = preSolution
		HideSolutionNode = FALSE
	EndGlobalSection
	GlobalSection(ExtensibilityGlobals) = postSolution
		SolutionGuid = {9671F6A9-EE8C-42CC-A6FC-AF250EA36817}
	EndGlobalSection
EndGlobal
